
Microsoft Visual Studio Solution File, Format Version 12.00
# Visual Studio Version 16
VisualStudioVersion = 16.0.31624.102
MinimumVisualStudioVersion = 10.0.40219.1
Project("{FAE04EC0-301F-11D3-BF4B-00C04F79EFBC}") = "pd", "pd\pd.csproj", "{26ADF6FD-7BCF-4E96-B8E7-0B98F3861A6C}"
EndProject
Global
	GlobalSection(SolutionConfigurationPlatforms) = preSolution
		Debug|Any CPU = Debug|Any CPU
		Release|Any CPU = Release|Any CPU
	EndGlobalSection
	GlobalSection(ProjectConfigurationPlatforms) = postSolution
		{26ADF6FD-7BCF-4E96-B8E7-0B98F3861A6C}.Debug|Any CPU.ActiveCfg = Debug|Any CPU
		{26ADF6FD-7BCF-4E96-B8E7-0B98F3861A6C}.Debug|Any CPU.Build.0 = Debug|Any CPU
		{26ADF6FD-7BCF-4E96-B8E7-0B98F3861A6C}.Release|Any CPU.ActiveCfg = Release|Any CPU
		{26ADF6FD-7BCF-4E96-B8E7-0B98F3861A6C}.Release|Any CPU.Build.0 = Release|Any CPU
	EndGlobalSection
	GlobalSection(SolutionProperties) = preSolution
		HideSolutionNode = FALSE
	EndGlobalSection
	GlobalSection(ExtensibilityGlobals) = postSolution
		SolutionGuid = {90C1B1D4-6046-475B-B095-522EA573D814}
	EndGlobalSection
EndGlobal
